// !$*UTF8*$!
{
	archiveVersion = 1;
	classes = {
	};
	objectVersion = 46;
	objects = {

/* Begin PBXBuildFile section */
		396EFA7F19CB4971001CE8CD /* Foundation.framework in Frameworks */ = {isa = PBXBuildFile; fileRef = 396EFA7E19CB4971001CE8CD /* Foundation.framework */; };
		396EFA8119CB4971001CE8CD /* CoreGraphics.framework in Frameworks */ = {isa = PBXBuildFile; fileRef = 396EFA8019CB4971001CE8CD /* CoreGraphics.framework */; };
		396EFA8319CB4971001CE8CD /* UIKit.framework in Frameworks */ = {isa = PBXBuildFile; fileRef = 396EFA8219CB4971001CE8CD /* UIKit.framework */; };
		396EFA8919CB4971001CE8CD /* InfoPlist.strings in Resources */ = {isa = PBXBuildFile; fileRef = 396EFA8719CB4971001CE8CD /* InfoPlist.strings */; };
		396EFA8B19CB4971001CE8CD /* main.m in Sources */ = {isa = PBXBuildFile; fileRef = 396EFA8A19CB4971001CE8CD /* main.m */; };
		396EFA8F19CB4971001CE8CD /* AppDelegate.m in Sources */ = {isa = PBXBuildFile; fileRef = 396EFA8E19CB4971001CE8CD /* AppDelegate.m */; };
		396EFA9219CB4971001CE8CD /* Main.storyboard in Resources */ = {isa = PBXBuildFile; fileRef = 396EFA9019CB4971001CE8CD /* Main.storyboard */; };
		396EFA9519CB4971001CE8CD /* ViewController.m in Sources */ = {isa = PBXBuildFile; fileRef = 396EFA9419CB4971001CE8CD /* ViewController.m */; };
		396EFA9719CB4971001CE8CD /* Images.xcassets in Resources */ = {isa = PBXBuildFile; fileRef = 396EFA9619CB4971001CE8CD /* Images.xcassets */; };
		396EFA9E19CB4972001CE8CD /* XCTest.framework in Frameworks */ = {isa = PBXBuildFile; fileRef = 396EFA9D19CB4972001CE8CD /* XCTest.framework */; };
		396EFA9F19CB4972001CE8CD /* Foundation.framework in Frameworks */ = {isa = PBXBuildFile; fileRef = 396EFA7E19CB4971001CE8CD /* Foundation.framework */; };
		396EFAA019CB4972001CE8CD /* UIKit.framework in Frameworks */ = {isa = PBXBuildFile; fileRef = 396EFA8219CB4971001CE8CD /* UIKit.framework */; };
		396EFAA819CB4972001CE8CD /* InfoPlist.strings in Resources */ = {isa = PBXBuildFile; fileRef = 396EFAA619CB4972001CE8CD /* InfoPlist.strings */; };
		396EFAAA19CB4972001CE8CD /* Simple_CalculatorTests.m in Sources */ = {isa = PBXBuildFile; fileRef = 396EFAA919CB4972001CE8CD /* Simple_CalculatorTests.m */; };
/* End PBXBuildFile section */

/* Begin PBXContainerItemProxy section */
		396EFAA119CB4972001CE8CD /* PBXContainerItemProxy */ = {
			isa = PBXContainerItemProxy;
			containerPortal = 396EFA7319CB4971001CE8CD /* Project object */;
			proxyType = 1;
			remoteGlobalIDString = 396EFA7A19CB4971001CE8CD;
			remoteInfo = "Simple Calculator";
		};
/* End PBXContainerItemProxy section */

/* Begin PBXFileReference section */
		396EFA7B19CB4971001CE8CD /* Simple Calculator.app */ = {isa = PBXFileReference; explicitFileType = wrapper.application; includeInIndex = 0; path = "Simple Calculator.app"; sourceTree = BUILT_PRODUCTS_DIR; };
		396EFA7E19CB4971001CE8CD /* Foundation.framework */ = {isa = PBXFileReference; lastKnownFileType = wrapper.framework; name = Foundation.framework; path = System/Library/Frameworks/Foundation.framework; sourceTree = SDKROOT; };
		396EFA8019CB4971001CE8CD /* CoreGraphics.framework */ = {isa = PBXFileReference; lastKnownFileType = wrapper.framework; name = CoreGraphics.framework; path = System/Library/Frameworks/CoreGraphics.framework; sourceTree = SDKROOT; };
		396EFA8219CB4971001CE8CD /* UIKit.framework */ = {isa = PBXFileReference; lastKnownFileType = wrapper.framework; name = UIKit.framework; path = System/Library/Frameworks/UIKit.framework; sourceTree = SDKROOT; };
		396EFA8619CB4971001CE8CD /* Simple Calculator-Info.plist */ = {isa = PBXFileReference; lastKnownFileType = text.plist.xml; path = "Simple Calculator-Info.plist"; sourceTree = "<group>"; };
		396EFA8819CB4971001CE8CD /* en */ = {isa = PBXFileReference; lastKnownFileType = text.plist.strings; name = en; path = en.lproj/InfoPlist.strings; sourceTree = "<group>"; };
		396EFA8A19CB4971001CE8CD /* main.m */ = {isa = PBXFileReference; lastKnownFileType = sourcecode.c.objc; path = main.m; sourceTree = "<group>"; };
		396EFA8C19CB4971001CE8CD /* Simple Calculator-Prefix.pch */ = {isa = PBXFileReference; lastKnownFileType = sourcecode.c.h; path = "Simple Calculator-Prefix.pch"; sourceTree = "<group>"; };
		396EFA8D19CB4971001CE8CD /* AppDelegate.h */ = {isa = PBXFileReference; lastKnownFileType = sourcecode.c.h; path = AppDelegate.h; sourceTree = "<group>"; };
		396EFA8E19CB4971001CE8CD /* AppDelegate.m */ = {isa = PBXFileReference; lastKnownFileType = sourcecode.c.objc; path = AppDelegate.m; sourceTree = "<group>"; };
		396EFA9119CB4971001CE8CD /* Base */ = {isa = PBXFileReference; lastKnownFileType = file.storyboard; name = Base; path = Base.lproj/Main.storyboard; sourceTree = "<group>"; };
		396EFA9319CB4971001CE8CD /* ViewController.h */ = {isa = PBXFileReference; lastKnownFileType = sourcecode.c.h; path = ViewController.h; sourceTree = "<group>"; };
		396EFA9419CB4971001CE8CD /* ViewController.m */ = {isa = PBXFileReference; lastKnownFileType = sourcecode.c.objc; path = ViewController.m; sourceTree = "<group>"; };
		396EFA9619CB4971001CE8CD /* Images.xcassets */ = {isa = PBXFileReference; lastKnownFileType = folder.assetcatalog; path = Images.xcassets; sourceTree = "<group>"; };
		396EFA9C19CB4972001CE8CD /* Simple CalculatorTests.xctest */ = {isa = PBXFileReference; explicitFileType = wrapper.cfbundle; includeInIndex = 0; path = "Simple CalculatorTests.xctest"; sourceTree = BUILT_PRODUCTS_DIR; };
		396EFA9D19CB4972001CE8CD /* XCTest.framework */ = {isa = PBXFileReference; lastKnownFileType = wrapper.framework; name = XCTest.framework; path = Library/Frameworks/XCTest.framework; sourceTree = DEVELOPER_DIR; };
		396EFAA519CB4972001CE8CD /* Simple CalculatorTests-Info.plist */ = {isa = PBXFileReference; lastKnownFileType = text.plist.xml; path = "Simple CalculatorTests-Info.plist"; sourceTree = "<group>"; };
		396EFAA719CB4972001CE8CD /* en */ = {isa = PBXFileReference; lastKnownFileType = text.plist.strings; name = en; path = en.lproj/InfoPlist.strings; sourceTree = "<group>"; };
		396EFAA919CB4972001CE8CD /* Simple_CalculatorTests.m */ = {isa = PBXFileReference; lastKnownFileType = sourcecode.c.objc; path = Simple_CalculatorTests.m; sourceTree = "<group>"; };
/* End PBXFileReference section */

/* Begin PBXFrameworksBuildPhase section */
		396EFA7819CB4971001CE8CD /* Frameworks */ = {
			isa = PBXFrameworksBuildPhase;
			buildActionMask = 2147483647;
			files = (
				396EFA8119CB4971001CE8CD /* CoreGraphics.framework in Frameworks */,
				396EFA8319CB4971001CE8CD /* UIKit.framework in Frameworks */,
				396EFA7F19CB4971001CE8CD /* Foundation.framework in Frameworks */,
			);
			runOnlyForDeploymentPostprocessing = 0;
		};
		396EFA9919CB4972001CE8CD /* Frameworks */ = {
			isa = PBXFrameworksBuildPhase;
			buildActionMask = 2147483647;
			files = (
				396EFA9E19CB4972001CE8CD /* XCTest.framework in Frameworks */,
				396EFAA019CB4972001CE8CD /* UIKit.framework in Frameworks */,
				396EFA9F19CB4972001CE8CD /* Foundation.framework in Frameworks */,
			);
			runOnlyForDeploymentPostprocessing = 0;
		};
/* End PBXFrameworksBuildPhase section */

/* Begin PBXGroup section */
		396EFA7219CB4971001CE8CD = {
			isa = PBXGroup;
			children = (
				396EFA8419CB4971001CE8CD /* Simple Calculator */,
				396EFAA319CB4972001CE8CD /* Simple CalculatorTests */,
				396EFA7D19CB4971001CE8CD /* Frameworks */,
				396EFA7C19CB4971001CE8CD /* Products */,
			);
			sourceTree = "<group>";
		};
		396EFA7C19CB4971001CE8CD /* Products */ = {
			isa = PBXGroup;
			children = (
				396EFA7B19CB4971001CE8CD /* Simple Calculator.app */,
				396EFA9C19CB4972001CE8CD /* Simple CalculatorTests.xctest */,
			);
			name = Products;
			sourceTree = "<group>";
		};
		396EFA7D19CB4971001CE8CD /* Frameworks */ = {
			isa = PBXGroup;
			children = (
				396EFA7E19CB4971001CE8CD /* Foundation.framework */,
				396EFA8019CB4971001CE8CD /* CoreGraphics.framework */,
				396EFA8219CB4971001CE8CD /* UIKit.framework */,
				396EFA9D19CB4972001CE8CD /* XCTest.framework */,
			);
			name = Frameworks;
			sourceTree = "<group>";
		};
		396EFA8419CB4971001CE8CD /* Simple Calculator */ = {
			isa = PBXGroup;
			children = (
				396EFA8D19CB4971001CE8CD /* AppDelegate.h */,
				396EFA8E19CB4971001CE8CD /* AppDelegate.m */,
				396EFA9019CB4971001CE8CD /* Main.storyboard */,
				396EFA9319CB4971001CE8CD /* ViewController.h */,
				396EFA9419CB4971001CE8CD /* ViewController.m */,
				396EFA9619CB4971001CE8CD /* Images.xcassets */,
				396EFA8519CB4971001CE8CD /* Supporting Files */,
			);
			path = "Simple Calculator";
			sourceTree = "<group>";
		};
		396EFA8519CB4971001CE8CD /* Supporting Files */ = {
			isa = PBXGroup;
			children = (
				396EFA8619CB4971001CE8CD /* Simple Calculator-Info.plist */,
				396EFA8719CB4971001CE8CD /* InfoPlist.strings */,
				396EFA8A19CB4971001CE8CD /* main.m */,
				396EFA8C19CB4971001CE8CD /* Simple Calculator-Prefix.pch */,
			);
			name = "Supporting Files";
			sourceTree = "<group>";
		};
		396EFAA319CB4972001CE8CD /* Simple CalculatorTests */ = {
			isa = PBXGroup;
			children = (
				396EFAA919CB4972001CE8CD /* Simple_CalculatorTests.m */,
				396EFAA419CB4972001CE8CD /* Supporting Files */,
			);
			path = "Simple CalculatorTests";
			sourceTree = "<group>";
		};
		396EFAA419CB4972001CE8CD /* Supporting Files */ = {
			isa = PBXGroup;
			children = (
				396EFAA519CB4972001CE8CD /* Simple CalculatorTests-Info.plist */,
				396EFAA619CB4972001CE8CD /* InfoPlist.strings */,
			);
			name = "Supporting Files";
			sourceTree = "<group>";
		};
/* End PBXGroup section */

/* Begin PBXNativeTarget section */
		396EFA7A19CB4971001CE8CD /* Simple Calculator */ = {
			isa = PBXNativeTarget;
			buildConfigurationList = 396EFAAD19CB4972001CE8CD /* Build configuration list for PBXNativeTarget "Simple Calculator" */;
			buildPhases = (
				396EFA7719CB4971001CE8CD /* Sources */,
				396EFA7819CB4971001CE8CD /* Frameworks */,
				396EFA7919CB4971001CE8CD /* Resources */,
			);
			buildRules = (
			);
			dependencies = (
			);
			name = "Simple Calculator";
			productName = "Simple Calculator";
			productReference = 396EFA7B19CB4971001CE8CD /* Simple Calculator.app */;
			productType = "com.apple.product-type.application";
		};
		396EFA9B19CB4972001CE8CD /* Simple CalculatorTests */ = {
			isa = PBXNativeTarget;
			buildConfigurationList = 396EFAB019CB4972001CE8CD /* Build configuration list for PBXNativeTarget "Simple CalculatorTests" */;
			buildPhases = (
				396EFA9819CB4972001CE8CD /* Sources */,
				396EFA9919CB4972001CE8CD /* Frameworks */,
				396EFA9A19CB4972001CE8CD /* Resources */,
			);
			buildRules = (
			);
			dependencies = (
				396EFAA219CB4972001CE8CD /* PBXTargetDependency */,
			);
			name = "Simple CalculatorTests";
			productName = "Simple CalculatorTests";
			productReference = 396EFA9C19CB4972001CE8CD /* Simple CalculatorTests.xctest */;
			productType = "com.apple.product-type.bundle.unit-test";
		};
/* End PBXNativeTarget section */

/* Begin PBXProject section */
		396EFA7319CB4971001CE8CD /* Project object */ = {
			isa = PBXProject;
			attributes = {
				LastUpgradeCheck = 0510;
				ORGANIZATIONNAME = "Muhd Hizam";
				TargetAttributes = {
					396EFA9B19CB4972001CE8CD = {
						TestTargetID = 396EFA7A19CB4971001CE8CD;
					};
				};
			};
			buildConfigurationList = 396EFA7619CB4971001CE8CD /* Build configuration list for PBXProject "Simple Calculator" */;
			compatibilityVersion = "Xcode 3.2";
			developmentRegion = English;
			hasScannedForEncodings = 0;
			knownRegions = (
				en,
				Base,
			);
			mainGroup = 396EFA7219CB4971001CE8CD;
			productRefGroup = 396EFA7C19CB4971001CE8CD /* Products */;
			projectDirPath = "";
			projectRoot = "";
			targets = (
				396EFA7A19CB4971001CE8CD /* Simple Calculator */,
				396EFA9B19CB4972001CE8CD /* Simple CalculatorTests */,
			);
		};
/* End PBXProject section */

/* Begin PBXResourcesBuildPhase section */
		396EFA7919CB4971001CE8CD /* Resources */ = {
			isa = PBXResourcesBuildPhase;
			buildActionMask = 2147483647;
			files = (
				396EFA9719CB4971001CE8CD /* Images.xcassets in Resources */,
				396EFA8919CB4971001CE8CD /* InfoPlist.strings in Resources */,
				396EFA9219CB4971001CE8CD /* Main.storyboard in Resources */,
			);
			runOnlyForDeploymentPostprocessing = 0;
		};
		396EFA9A19CB4972001CE8CD /* Resources */ = {
			isa = PBXResourcesBuildPhase;
			buildActionMask = 2147483647;
			files = (
				396EFAA819CB4972001CE8CD /* InfoPlist.strings in Resources */,
			);
			runOnlyForDeploymentPostprocessing = 0;
		};
/* End PBXResourcesBuildPhase section */

/* Begin PBXSourcesBuildPhase section */
		396EFA7719CB4971001CE8CD /* Sources */ = {
			isa = PBXSourcesBuildPhase;
			buildActionMask = 2147483647;
			files = (
				396EFA9519CB4971001CE8CD /* ViewController.m in Sources */,
				396EFA8F19CB4971001CE8CD /* AppDelegate.m in Sources */,
				396EFA8B19CB4971001CE8CD /* main.m in Sources */,
			);
			runOnlyForDeploymentPostprocessing = 0;
		};
		396EFA9819CB4972001CE8CD /* Sources */ = {
			isa = PBXSourcesBuildPhase;
			buildActionMask = 2147483647;
			files = (
				396EFAAA19CB4972001CE8CD /* Simple_CalculatorTests.m in Sources */,
			);
			runOnlyForDeploymentPostprocessing = 0;
		};
/* End PBXSourcesBuildPhase section */

/* Begin PBXTargetDependency section */
		396EFAA219CB4972001CE8CD /* PBXTargetDependency */ = {
			isa = PBXTargetDependency;
			target = 396EFA7A19CB4971001CE8CD /* Simple Calculator */;
			targetProxy = 396EFAA119CB4972001CE8CD /* PBXContainerItemProxy */;
		};
/* End PBXTargetDependency section */

/* Begin PBXVariantGroup section */
		396EFA8719CB4971001CE8CD /* InfoPlist.strings */ = {
			isa = PBXVariantGroup;
			children = (
				396EFA8819CB4971001CE8CD /* en */,
			);
			name = InfoPlist.strings;
			sourceTree = "<group>";
		};
		396EFA9019CB4971001CE8CD /* Main.storyboard */ = {
			isa = PBXVariantGroup;
			children = (
				396EFA9119CB4971001CE8CD /* Base */,
			);
			name = Main.storyboard;
			sourceTree = "<group>";
		};
		396EFAA619CB4972001CE8CD /* InfoPlist.strings */ = {
			isa = PBXVariantGroup;
			children = (
				396EFAA719CB4972001CE8CD /* en */,
			);
			name = InfoPlist.strings;
			sourceTree = "<group>";
		};
/* End PBXVariantGroup section */

/* Begin XCBuildConfiguration section */
		396EFAAB19CB4972001CE8CD /* Debug */ = {
			isa = XCBuildConfiguration;
			buildSettings = {
				ALWAYS_SEARCH_USER_PATHS = NO;
				CLANG_CXX_LANGUAGE_STANDARD = "gnu++0x";
				CLANG_CXX_LIBRARY = "libc++";
				CLANG_ENABLE_MODULES = YES;
				CLANG_ENABLE_OBJC_ARC = YES;
				CLANG_WARN_BOOL_CONVERSION = YES;
				CLANG_WARN_CONSTANT_CONVERSION = YES;
				CLANG_WARN_DIRECT_OBJC_ISA_USAGE = YES_ERROR;
				CLANG_WARN_EMPTY_BODY = YES;
				CLANG_WARN_ENUM_CONVERSION = YES;
				CLANG_WARN_INT_CONVERSION = YES;
				CLANG_WARN_OBJC_ROOT_CLASS = YES_ERROR;
				CLANG_WARN__DUPLICATE_METHOD_MATCH = YES;
				"CODE_SIGN_IDENTITY[sdk=iphoneos*]" = "iPhone Developer";
				COPY_PHASE_STRIP = NO;
				GCC_C_LANGUAGE_STANDARD = gnu99;
				GCC_DYNAMIC_NO_PIC = NO;
				GCC_OPTIMIZATION_LEVEL = 0;
				GCC_PREPROCESSOR_DEFINITIONS = (
					"DEBUG=1",
					"$(inherited)",
				);
				GCC_SYMBOLS_PRIVATE_EXTERN = NO;
				GCC_WARN_64_TO_32_BIT_CONVERSION = YES;
				GCC_WARN_ABOUT_RETURN_TYPE = YES_ERROR;
				GCC_WARN_UNDECLARED_SELECTOR = YES;
				GCC_WARN_UNINITIALIZED_AUTOS = YES_AGGRESSIVE;
				GCC_WARN_UNUSED_FUNCTION = YES;
				GCC_WARN_UNUSED_VARIABLE = YES;
				IPHONEOS_DEPLOYMENT_TARGET = 7.1;
				ONLY_ACTIVE_ARCH = YES;
				SDKROOT = iphoneos;
			};
			name = Debug;
		};
		396EFAAC19CB4972001CE8CD /* Release */ = {
			isa = XCBuildConfiguration;
			buildSettings = {
				ALWAYS_SEARCH_USER_PATHS = NO;
				CLANG_CXX_LANGUAGE_STANDARD = "gnu++0x";
				CLANG_CXX_LIBRARY = "libc++";
				CLANG_ENABLE_MODULES = YES;
				CLANG_ENABLE_OBJC_ARC = YES;
				CLANG_WARN_BOOL_CONVERSION = YES;
				CLANG_WARN_CONSTANT_CONVERSION = YES;
				CLANG_WARN_DIRECT_OBJC_ISA_USAGE = YES_ERROR;
				CLANG_WARN_EMPTY_BODY = YES;
				CLANG_WARN_ENUM_CONVERSION = YES;
				CLANG_WARN_INT_CONVERSION = YES;
				CLANG_WARN_OBJC_ROOT_CLASS = YES_ERROR;
				CLANG_WARN__DUPLICATE_METHOD_MATCH = YES;
				"CODE_SIGN_IDENTITY[sdk=iphoneos*]" = "iPhone Developer";
				COPY_PHASE_STRIP = YES;
				ENABLE_NS_ASSERTIONS = NO;
				GCC_C_LANGUAGE_STANDARD = gnu99;
				GCC_WARN_64_TO_32_BIT_CONVERSION = YES;
				GCC_WARN_ABOUT_RETURN_TYPE = YES_ERROR;
				GCC_WARN_UNDECLARED_SELECTOR = YES;
				GCC_WARN_UNINITIALIZED_AUTOS = YES_AGGRESSIVE;
				GCC_WARN_UNUSED_FUNCTION = YES;
				GCC_WARN_UNUSED_VARIABLE = YES;
				IPHONEOS_DEPLOYMENT_TARGET = 7.1;
				SDKROOT = iphoneos;
				VALIDATE_PRODUCT = YES;
			};
			name = Release;
		};
		396EFAAE19CB4972001CE8CD /* Debug */ = {
			isa = XCBuildConfiguration;
			buildSettings = {
				ASSETCATALOG_COMPILER_APPICON_NAME = AppIcon;
				ASSETCATALOG_COMPILER_LAUNCHIMAGE_NAME = LaunchImage;
				GCC_PRECOMPILE_PREFIX_HEADER = YES;
				GCC_PREFIX_HEADER = "Simple Calculator/Simple Calculator-Prefix.pch";
				INFOPLIST_FILE = "Simple Calculator/Simple Calculator-Info.plist";
				PRODUCT_NAME = "$(TARGET_NAME)";
				WRAPPER_EXTENSION = app;
			};
			name = Debug;
		};
		396EFAAF19CB4972001CE8CD /* Release */ = {
			isa = XCBuildConfiguration;
			buildSettings = {
				ASSETCATALOG_COMPILER_APPICON_NAME = AppIcon;
				ASSETCATALOG_COMPILER_LAUNCHIMAGE_NAME = LaunchImage;
				GCC_PRECOMPILE_PREFIX_HEADER = YES;
				GCC_PREFIX_HEADER = "Simple Calculator/Simple Calculator-Prefix.pch";
				INFOPLIST_FILE = "Simple Calculator/Simple Calculator-Info.plist";
				PRODUCT_NAME = "$(TARGET_NAME)";
				WRAPPER_EXTENSION = app;
			};
			name = Release;
		};
		396EFAB119CB4972001CE8CD /* Debug */ = {
			isa = XCBuildConfiguration;
			buildSettings = {
				BUNDLE_LOADER = "$(BUILT_PRODUCTS_DIR)/Simple Calculator.app/Simple Calculator";
				FRAMEWORK_SEARCH_PATHS = (
					"$(SDKROOT)/Developer/Library/Frameworks",
					"$(inherited)",
					"$(DEVELOPER_FRAMEWORKS_DIR)",
				);
				GCC_PRECOMPILE_PREFIX_HEADER = YES;
				GCC_PREFIX_HEADER = "Simple Calculator/Simple Calculator-Prefix.pch";
				GCC_PREPROCESSOR_DEFINITIONS = (
					"DEBUG=1",
					"$(inherited)",
				);
				INFOPLIST_FILE = "Simple CalculatorTests/Simple CalculatorTests-Info.plist";
				PRODUCT_NAME = "$(TARGET_NAME)";
				TEST_HOST = "$(BUNDLE_LOADER)";
				WRAPPER_EXTENSION = xctest;
			};
			name = Debug;
		};
		396EFAB219CB4972001CE8CD /* Release */ = {
			isa = XCBuildConfiguration;
			buildSettings = {
				BUNDLE_LOADER = "$(BUILT_PRODUCTS_DIR)/Simple Calculator.app/Simple Calculator";
				FRAMEWORK_SEARCH_PATHS = (
					"$(SDKROOT)/Developer/Library/Frameworks",
					"$(inherited)",
					"$(DEVELOPER_FRAMEWORKS_DIR)",
				);
				GCC_PRECOMPILE_PREFIX_HEADER = YES;
				GCC_PREFIX_HEADER = "Simple Calculator/Simple Calculator-Prefix.pch";
				INFOPLIST_FILE = "Simple CalculatorTests/Simple CalculatorTests-Info.plist";
				PRODUCT_NAME = "$(TARGET_NAME)";
				TEST_HOST = "$(BUNDLE_LOADER)";
				WRAPPER_EXTENSION = xctest;
			};
			name = Release;
		};
/* End XCBuildConfiguration section */

/* Begin XCConfigurationList section */
		396EFA7619CB4971001CE8CD /* Build configuration list for PBXProject "Simple Calculator" */ = {
			isa = XCConfigurationList;
			buildConfigurations = (
				396EFAAB19CB4972001CE8CD /* Debug */,
				396EFAAC19CB4972001CE8CD /* Release */,
			);
			defaultConfigurationIsVisible = 0;
			defaultConfigurationName = Release;
		};
		396EFAAD19CB4972001CE8CD /* Build configuration list for PBXNativeTarget "Simple Calculator" */ = {
			isa = XCConfigurationList;
			buildConfigurations = (
				396EFAAE19CB4972001CE8CD /* Debug */,
				396EFAAF19CB4972001CE8CD /* Release */,
			);
			defaultConfigurationIsVisible = 0;
		};
		396EFAB019CB4972001CE8CD /* Build configuration list for PBXNativeTarget "Simple CalculatorTests" */ = {
			isa = XCConfigurationList;
			buildConfigurations = (
				396EFAB119CB4972001CE8CD /* Debug */,
				396EFAB219CB4972001CE8CD /* Release */,
			);
			defaultConfigurationIsVisible = 0;
		};
/* End XCConfigurationList section */
	};
	rootObject = 396EFA7319CB4971001CE8CD /* Project object */;
}
